Microsoft Visual Studio Solution File, Format Version 12.00
# Visual Studio 15
VisualStudioVersion = 15.0.27703.2042
MinimumVisualStudioVersion = 10.0.40219.1
Project("{FAE04EC0-301F-11D3-BF4B-00C04F79EFBC}") = "ljoy.iOS", "ljoy.iOS\ljoy.iOS.csproj", "{0505C25F-C1B5-49C6-9A8F-1261952A9FCF}"
EndProject
Project("{9344BDBB-3E7F-41FC-A0DD-8665D75EE146}") = "ljoy.Android", "ljoy.Android\ljoy.Android.csproj", "{E8893694-118C-450A-9387-758744D5D654}"
EndProject
Project("{9344BDBB-3E7F-41FC-A0DD-8665D75EE146}") = "ljoy", "ljoy\ljoy.csproj", "{ECD095CF-8CBD-4A57-BA7D-6A7C48C22728}"
EndProject
Global
	GlobalSection(SolutionConfigurationPlatforms) = preSolution
		Ad-Hoc|Any CPU = Ad-Hoc|Any CPU
		Ad-Hoc|iPhone = Ad-Hoc|iPhone
		Ad-Hoc|iPhoneSimulator = Ad-Hoc|iPhoneSimulator
		AppStore|Any CPU = AppStore|Any CPU
		AppStore|iPhone = AppStore|iPhone
		AppStore|iPhoneSimulator = AppStore|iPhoneSimulator
		Debug|Any CPU = Debug|Any CPU
		Debug|iPhone = Debug|iPhone
		Debug|iPhoneSimulator = Debug|iPhoneSimulator
		Release|Any CPU = Release|Any CPU
		Release|iPhone = Release|iPhone
		Release|iPhoneSimulator = Release|iPhoneSimulator
	EndGlobalSection
	GlobalSection(ProjectConfigurationPlatforms) = postSolution
		{0505C25F-C1B5-49C6-9A8F-1261952A9FCF}.Ad-Hoc|Any CPU.ActiveCfg = Ad-Hoc|iPhoneSimulator
		{0505C25F-C1B5-49C6-9A8F-1261952A9FCF}.Ad-Hoc|iPhone.ActiveCfg = Ad-Hoc|iPhone
		{0505C25F-C1B5-49C6-9A8F-1261952A9FCF}.Ad-Hoc|iPhone.Build.0 = Ad-Hoc|iPhone
		{0505C25F-C1B5-49C6-9A8F-1261952A9FCF}.Ad-Hoc|iPhoneSimulator.ActiveCfg = Ad-Hoc|iPhoneSimulator
		{0505C25F-C1B5-49C6-9A8F-1261952A9FCF}.Ad-Hoc|iPhoneSimulator.Build.0 = Ad-Hoc|iPhoneSimulator
		{0505C25F-C1B5-49C6-9A8F-1261952A9FCF}.AppStore|Any CPU.ActiveCfg = AppStore|iPhoneSimulator
		{0505C25F-C1B5-49C6-9A8F-1261952A9FCF}.AppStore|iPhone.ActiveCfg = AppStore|iPhone
		{0505C25F-C1B5-49C6-9A8F-1261952A9FCF}.AppStore|iPhone.Build.0 = AppStore|iPhone
		{0505C25F-C1B5-49C6-9A8F-1261952A9FCF}.AppStore|iPhoneSimulator.ActiveCfg = AppStore|iPhoneSimulator
		{0505C25F-C1B5-49C6-9A8F-1261952A9FCF}.AppStore|iPhoneSimulator.Build.0 = AppStore|iPhoneSimulator
		{0505C25F-C1B5-49C6-9A8F-1261952A9FCF}.Debug|Any CPU.ActiveCfg = Debug|iPhoneSimulator
		{0505C25F-C1B5-49C6-9A8F-1261952A9FCF}.Debug|Any CPU.Build.0 = Debug|iPhoneSimulator
		{0505C25F-C1B5-49C6-9A8F-1261952A9FCF}.Debug|iPhone.ActiveCfg = Debug|iPhone
		{0505C25F-C1B5-49C6-9A8F-1261952A9FCF}.Debug|iPhone.Build.0 = Debug|iPhone
		{0505C25F-C1B5-49C6-9A8F-1261952A9FCF}.Debug|iPhoneSimulator.ActiveCfg = Debug|iPhoneSimulator
		{0505C25F-C1B5-49C6-9A8F-1261952A9FCF}.Debug|iPhoneSimulator.Build.0 = Debug|iPhoneSimulator
		{0505C25F-C1B5-49C6-9A8F-1261952A9FCF}.Release|Any CPU.ActiveCfg = Release|iPhoneSimulator
		{0505C25F-C1B5-49C6-9A8F-1261952A9FCF}.Release|Any CPU.Build.0 = Release|iPhoneSimulator
		{0505C25F-C1B5-49C6-9A8F-1261952A9FCF}.Release|iPhone.ActiveCfg = Release|iPhone
		{0505C25F-C1B5-49C6-9A8F-1261952A9FCF}.Release|iPhone.Build.0 = Release|iPhone
		{0505C25F-C1B5-49C6-9A8F-1261952A9FCF}.Release|iPhoneSimulator.ActiveCfg = Release|iPhoneSimulator
		{0505C25F-C1B5-49C6-9A8F-1261952A9FCF}.Release|iPhoneSimulator.Build.0 = Release|iPhoneSimulator
		{E8893694-118C-450A-9387-758744D5D654}.Ad-Hoc|Any CPU.ActiveCfg = Release|Any CPU
		{E8893694-118C-450A-9387-758744D5D654}.Ad-Hoc|Any CPU.Build.0 = Release|Any CPU
		{E8893694-118C-450A-9387-758744D5D654}.Ad-Hoc|Any CPU.Deploy.0 = Release|Any CPU
		{E8893694-118C-450A-9387-758744D5D654}.Ad-Hoc|iPhone.ActiveCfg = Debug|Any CPU
		{E8893694-118C-450A-9387-758744D5D654}.Ad-Hoc|iPhone.Build.0 = Debug|Any CPU
		{E8893694-118C-450A-9387-758744D5D654}.Ad-Hoc|iPhoneSimulator.ActiveCfg = Release|Any CPU
		{E8893694-118C-450A-9387-758744D5D654}.Ad-Hoc|iPhoneSimulator.Build.0 = Release|Any CPU
		{E8893694-118C-450A-9387-758744D5D654}.Ad-Hoc|iPhoneSimulator.Deploy.0 = Release|Any CPU
		{E8893694-118C-450A-9387-758744D5D654}.AppStore|Any CPU.ActiveCfg = Release|Any CPU
		{E8893694-118C-450A-9387-758744D5D654}.AppStore|Any CPU.Build.0 = Release|Any CPU
		{E8893694-118C-450A-9387-758744D5D654}.AppStore|Any CPU.Deploy.0 = Release|Any CPU
		{E8893694-118C-450A-9387-758744D5D654}.AppStore|iPhone.ActiveCfg = Debug|Any CPU
		{E8893694-118C-450A-9387-758744D5D654}.AppStore|iPhone.Build.0 = Debug|Any CPU
		{E8893694-118C-450A-9387-758744D5D654}.AppStore|iPhoneSimulator.ActiveCfg = Release|Any CPU
		{E8893694-118C-450A-9387-758744D5D654}.AppStore|iPhoneSimulator.Build.0 = Release|Any CPU
		{E8893694-118C-450A-9387-758744D5D654}.AppStore|iPhoneSimulator.Deploy.0 = Release|Any CPU
		{E8893694-118C-450A-9387-758744D5D654}.Debug|Any CPU.ActiveCfg = Debug|Any CPU
		{E8893694-118C-450A-9387-758744D5D654}.Debug|Any CPU.Build.0 = Debug|Any CPU
		{E8893694-118C-450A-9387-758744D5D654}.Debug|Any CPU.Deploy.0 = Debug|Any CPU
		{E8893694-118C-450A-9387-758744D5D654}.Debug|iPhone.ActiveCfg = Debug|Any CPU
		{E8893694-118C-450A-9387-758744D5D654}.Debug|iPhone.Build.0 = Debug|Any CPU
		{E8893694-118C-450A-9387-758744D5D654}.Debug|iPhoneSimulator.ActiveCfg = Debug|Any CPU
		{E8893694-118C-450A-9387-758744D5D654}.Debug|iPhoneSimulator.Build.0 = Debug|Any CPU
		{E8893694-118C-450A-9387-758744D5D654}.Release|Any CPU.ActiveCfg = Release|Any CPU
		{E8893694-118C-450A-9387-758744D5D654}.Release|Any CPU.Build.0 = Release|Any CPU
		{E8893694-118C-450A-9387-758744D5D654}.Release|iPhone.ActiveCfg = Release|Any CPU
		{E8893694-118C-450A-9387-758744D5D654}.Release|iPhone.Build.0 = Release|Any CPU
		{E8893694-118C-450A-9387-758744D5D654}.Release|iPhoneSimulator.ActiveCfg = Release|Any CPU
		{E8893694-118C-450A-9387-758744D5D654}.Release|iPhoneSimulator.Build.0 = Release|Any CPU
		{ECD095CF-8CBD-4A57-BA7D-6A7C48C22728}.Ad-Hoc|Any CPU.ActiveCfg = Release|Any CPU
		{ECD095CF-8CBD-4A57-BA7D-6A7C48C22728}.Ad-Hoc|Any CPU.Build.0 = Release|Any CPU
		{ECD095CF-8CBD-4A57-BA7D-6A7C48C22728}.Ad-Hoc|iPhone.ActiveCfg = Debug|Any CPU
		{ECD095CF-8CBD-4A57-BA7D-6A7C48C22728}.Ad-Hoc|iPhone.Build.0 = Debug|Any CPU
		{ECD095CF-8CBD-4A57-BA7D-6A7C48C22728}.Ad-Hoc|iPhoneSimulator.ActiveCfg = Release|Any CPU
		{ECD095CF-8CBD-4A57-BA7D-6A7C48C22728}.Ad-Hoc|iPhoneSimulator.Build.0 = Release|Any CPU
		{ECD095CF-8CBD-4A57-BA7D-6A7C48C22728}.AppStore|Any CPU.ActiveCfg = Release|Any CPU
		{ECD095CF-8CBD-4A57-BA7D-6A7C48C22728}.AppStore|Any CPU.Build.0 = Release|Any CPU
		{ECD095CF-8CBD-4A57-BA7D-6A7C48C22728}.AppStore|iPhone.ActiveCfg = Debug|Any CPU
		{ECD095CF-8CBD-4A57-BA7D-6A7C48C22728}.AppStore|iPhone.Build.0 = Debug|Any CPU
		{ECD095CF-8CBD-4A57-BA7D-6A7C48C22728}.AppStore|iPhoneSimulator.ActiveCfg = Release|Any CPU
		{ECD095CF-8CBD-4A57-BA7D-6A7C48C22728}.AppStore|iPhoneSimulator.Build.0 = Release|Any CPU
		{ECD095CF-8CBD-4A57-BA7D-6A7C48C22728}.Debug|Any CPU.ActiveCfg = Debug|Any CPU
		{ECD095CF-8CBD-4A57-BA7D-6A7C48C22728}.Debug|Any CPU.Build.0 = Debug|Any CPU
		{ECD095CF-8CBD-4A57-BA7D-6A7C48C22728}.Debug|iPhone.ActiveCfg = Debug|Any CPU
		{ECD095CF-8CBD-4A57-BA7D-6A7C48C22728}.Debug|iPhone.Build.0 = Debug|Any CPU
		{ECD095CF-8CBD-4A57-BA7D-6A7C48C22728}.Debug|iPhoneSimulator.ActiveCfg = Debug|Any CPU
		{ECD095CF-8CBD-4A57-BA7D-6A7C48C22728}.Debug|iPhoneSimulator.Build.0 = Debug|Any CPU
		{ECD095CF-8CBD-4A57-BA7D-6A7C48C22728}.Release|Any CPU.ActiveCfg = Release|Any CPU
		{ECD095CF-8CBD-4A57-BA7D-6A7C48C22728}.Release|Any CPU.Build.0 = Release|Any CPU
		{ECD095CF-8CBD-4A57-BA7D-6A7C48C22728}.Release|iPhone.ActiveCfg = Release|Any CPU
		{ECD095CF-8CBD-4A57-BA7D-6A7C48C22728}.Release|iPhone.Build.0 = Release|Any CPU
		{ECD095CF-8CBD-4A57-BA7D-6A7C48C22728}.Release|iPhoneSimulator.ActiveCfg = Release|Any CPU
		{ECD095CF-8CBD-4A57-BA7D-6A7C48C22728}.Release|iPhoneSimulator.Build.0 = Release|Any CPU
	EndGlobalSection
	GlobalSection(SolutionProperties) = preSolution
		HideSolutionNode = FALSE
	EndGlobalSection
	GlobalSection(ExtensibilityGlobals) = postSolution
		SolutionGuid = {54ECFE11-9615-4F90-B91A-65B8941AD3B3}
	EndGlobalSection
EndGlobal
