
Microsoft Visual Studio Solution File, Format Version 12.00
# Visual Studio 2012
Project("{FAE04EC0-301F-11D3-BF4B-00C04F79EFBC}") = "ljoy.Android", "ljoy.Android\ljoy.Android.csproj", "{21C844CC-8190-49DB-9D94-9ABF84804DAD}"
EndProject
Project("{FAE04EC0-301F-11D3-BF4B-00C04F79EFBC}") = "ljoy.iOS", "ljoy.iOS\ljoy.iOS.csproj", "{0505C25F-C1B5-49C6-9A8F-1261952A9FCF}"
EndProject
Project("{FAE04EC0-301F-11D3-BF4B-00C04F79EFBC}") = "ljoy", "ljoy\ljoy.csproj", "{DA68AD27-7D38-4B91-A40D-9FC0C96AE778}"
EndProject
Global
	GlobalSection(SolutionConfigurationPlatforms) = preSolution
		Debug|Any CPU = Debug|Any CPU
		Release|Any CPU = Release|Any CPU
		Debug|iPhoneSimulator = Debug|iPhoneSimulator
		Release|iPhoneSimulator = Release|iPhoneSimulator
		Debug|iPhone = Debug|iPhone
		Release|iPhone = Release|iPhone
		Ad-Hoc|iPhone = Ad-Hoc|iPhone
		AppStore|iPhone = AppStore|iPhone
	EndGlobalSection
	GlobalSection(ProjectConfigurationPlatforms) = postSolution
		{21C844CC-8190-49DB-9D94-9ABF84804DAD}.Debug|Any CPU.ActiveCfg = Debug|Any CPU
		{21C844CC-8190-49DB-9D94-9ABF84804DAD}.Debug|Any CPU.Build.0 = Debug|Any CPU
		{21C844CC-8190-49DB-9D94-9ABF84804DAD}.Release|Any CPU.ActiveCfg = Release|Any CPU
		{21C844CC-8190-49DB-9D94-9ABF84804DAD}.Release|Any CPU.Build.0 = Release|Any CPU
		{21C844CC-8190-49DB-9D94-9ABF84804DAD}.Debug|iPhoneSimulator.ActiveCfg = Debug|Any CPU
		{21C844CC-8190-49DB-9D94-9ABF84804DAD}.Debug|iPhoneSimulator.Build.0 = Debug|Any CPU
		{21C844CC-8190-49DB-9D94-9ABF84804DAD}.Release|iPhoneSimulator.ActiveCfg = Release|Any CPU
		{21C844CC-8190-49DB-9D94-9ABF84804DAD}.Release|iPhoneSimulator.Build.0 = Release|Any CPU
		{21C844CC-8190-49DB-9D94-9ABF84804DAD}.Debug|iPhone.ActiveCfg = Debug|Any CPU
		{21C844CC-8190-49DB-9D94-9ABF84804DAD}.Debug|iPhone.Build.0 = Debug|Any CPU
		{21C844CC-8190-49DB-9D94-9ABF84804DAD}.Release|iPhone.ActiveCfg = Release|Any CPU
		{21C844CC-8190-49DB-9D94-9ABF84804DAD}.Release|iPhone.Build.0 = Release|Any CPU
		{21C844CC-8190-49DB-9D94-9ABF84804DAD}.Ad-Hoc|iPhone.ActiveCfg = Debug|Any CPU
		{21C844CC-8190-49DB-9D94-9ABF84804DAD}.Ad-Hoc|iPhone.Build.0 = Debug|Any CPU
		{21C844CC-8190-49DB-9D94-9ABF84804DAD}.AppStore|iPhone.ActiveCfg = Debug|Any CPU
		{21C844CC-8190-49DB-9D94-9ABF84804DAD}.AppStore|iPhone.Build.0 = Debug|Any CPU
		{0505C25F-C1B5-49C6-9A8F-1261952A9FCF}.Debug|Any CPU.ActiveCfg = Debug|iPhoneSimulator
		{0505C25F-C1B5-49C6-9A8F-1261952A9FCF}.Debug|Any CPU.Build.0 = Debug|iPhoneSimulator
		{0505C25F-C1B5-49C6-9A8F-1261952A9FCF}.Release|Any CPU.ActiveCfg = Release|iPhoneSimulator
		{0505C25F-C1B5-49C6-9A8F-1261952A9FCF}.Release|Any CPU.Build.0 = Release|iPhoneSimulator
		{0505C25F-C1B5-49C6-9A8F-1261952A9FCF}.Debug|iPhoneSimulator.ActiveCfg = Debug|iPhoneSimulator
		{0505C25F-C1B5-49C6-9A8F-1261952A9FCF}.Debug|iPhoneSimulator.Build.0 = Debug|iPhoneSimulator
		{0505C25F-C1B5-49C6-9A8F-1261952A9FCF}.Release|iPhoneSimulator.ActiveCfg = Release|iPhoneSimulator
		{0505C25F-C1B5-49C6-9A8F-1261952A9FCF}.Release|iPhoneSimulator.Build.0 = Release|iPhoneSimulator
		{0505C25F-C1B5-49C6-9A8F-1261952A9FCF}.Debug|iPhone.ActiveCfg = Debug|iPhone
		{0505C25F-C1B5-49C6-9A8F-1261952A9FCF}.Debug|iPhone.Build.0 = Debug|iPhone
		{0505C25F-C1B5-49C6-9A8F-1261952A9FCF}.Release|iPhone.ActiveCfg = Release|iPhone
		{0505C25F-C1B5-49C6-9A8F-1261952A9FCF}.Release|iPhone.Build.0 = Release|iPhone
		{0505C25F-C1B5-49C6-9A8F-1261952A9FCF}.Ad-Hoc|iPhone.ActiveCfg = Ad-Hoc|iPhone
		{0505C25F-C1B5-49C6-9A8F-1261952A9FCF}.Ad-Hoc|iPhone.Build.0 = Ad-Hoc|iPhone
		{0505C25F-C1B5-49C6-9A8F-1261952A9FCF}.AppStore|iPhone.ActiveCfg = AppStore|iPhone
		{0505C25F-C1B5-49C6-9A8F-1261952A9FCF}.AppStore|iPhone.Build.0 = AppStore|iPhone
		{DA68AD27-7D38-4B91-A40D-9FC0C96AE778}.Debug|Any CPU.ActiveCfg = Debug|Any CPU
		{DA68AD27-7D38-4B91-A40D-9FC0C96AE778}.Debug|Any CPU.Build.0 = Debug|Any CPU
		{DA68AD27-7D38-4B91-A40D-9FC0C96AE778}.Release|Any CPU.ActiveCfg = Release|Any CPU
		{DA68AD27-7D38-4B91-A40D-9FC0C96AE778}.Release|Any CPU.Build.0 = Release|Any CPU
		{DA68AD27-7D38-4B91-A40D-9FC0C96AE778}.Debug|iPhoneSimulator.ActiveCfg = Debug|Any CPU
		{DA68AD27-7D38-4B91-A40D-9FC0C96AE778}.Debug|iPhoneSimulator.Build.0 = Debug|Any CPU
		{DA68AD27-7D38-4B91-A40D-9FC0C96AE778}.Release|iPhoneSimulator.ActiveCfg = Release|Any CPU
		{DA68AD27-7D38-4B91-A40D-9FC0C96AE778}.Release|iPhoneSimulator.Build.0 = Release|Any CPU
		{DA68AD27-7D38-4B91-A40D-9FC0C96AE778}.Debug|iPhone.ActiveCfg = Debug|Any CPU
		{DA68AD27-7D38-4B91-A40D-9FC0C96AE778}.Debug|iPhone.Build.0 = Debug|Any CPU
		{DA68AD27-7D38-4B91-A40D-9FC0C96AE778}.Release|iPhone.ActiveCfg = Release|Any CPU
		{DA68AD27-7D38-4B91-A40D-9FC0C96AE778}.Release|iPhone.Build.0 = Release|Any CPU
		{DA68AD27-7D38-4B91-A40D-9FC0C96AE778}.Ad-Hoc|iPhone.ActiveCfg = Debug|Any CPU
		{DA68AD27-7D38-4B91-A40D-9FC0C96AE778}.Ad-Hoc|iPhone.Build.0 = Debug|Any CPU
		{DA68AD27-7D38-4B91-A40D-9FC0C96AE778}.AppStore|iPhone.ActiveCfg = Debug|Any CPU
		{DA68AD27-7D38-4B91-A40D-9FC0C96AE778}.AppStore|iPhone.Build.0 = Debug|Any CPU
	EndGlobalSection
EndGlobal
